
Microsoft Visual Studio Solution File, Format Version 12.00
# Visual Studio 15
VisualStudioVersion = 15.0.28010.2050
MinimumVisualStudioVersion = 10.0.40219.1
Project("{8BC9CEB8-8B4A-11D0-8D11-00A0C91BC942}") = "skynet", "msbuild\skynet.vcxproj", "{DA19C0A1-9E33-412F-8E53-449A01C13421}"
	ProjectSection(ProjectDependencies) = postProject
		{485BA19B-669C-46B5-BE08-3B7278A6979B} = {485BA19B-669C-46B5-BE08-3B7278A6979B}
		{5C85CEC7-63C5-4746-8450-4134676BE2BB} = {5C85CEC7-63C5-4746-8450-4134676BE2BB}
	EndProjectSection
EndProject
Project("{2150E333-8FDC-42A3-9474-1A3956D46DE8}") = "3rd", "3rd", "{7C1DD897-2E39-413F-B2ED-780EC63DC55C}"
EndProject
Project("{8BC9CEB8-8B4A-11D0-8D11-00A0C91BC942}") = "libuv", "msbuild\libuv\libuv.vcxproj", "{485BA19B-669C-46B5-BE08-3B7278A6979B}"
EndProject
Project("{8BC9CEB8-8B4A-11D0-8D11-00A0C91BC942}") = "lua", "msbuild\lua\lua.vcxproj", "{BE9DBA17-BD79-419E-B3F5-ACB99C738207}"
EndProject
Project("{8BC9CEB8-8B4A-11D0-8D11-00A0C91BC942}") = "lualib", "msbuild\lualib\lualib.vcxproj", "{5C85CEC7-63C5-4746-8450-4134676BE2BB}"
EndProject
Project("{2150E333-8FDC-42A3-9474-1A3956D46DE8}") = "service", "service", "{BA6CECE6-0D61-46A0-A8B7-D3A504F7491F}"
EndProject
Project("{8BC9CEB8-8B4A-11D0-8D11-00A0C91BC942}") = "logger", "msbuild\logger\logger.vcxproj", "{45E09CCC-7FC3-42F0-B3BC-B19E40CB594B}"
	ProjectSection(ProjectDependencies) = postProject
		{DA19C0A1-9E33-412F-8E53-449A01C13421} = {DA19C0A1-9E33-412F-8E53-449A01C13421}
	EndProjectSection
EndProject
Project("{8BC9CEB8-8B4A-11D0-8D11-00A0C91BC942}") = "snlua", "msbuild\snlua\snlua.vcxproj", "{92DD1977-563D-4B6B-AF91-11731747E1B0}"
	ProjectSection(ProjectDependencies) = postProject
		{DA19C0A1-9E33-412F-8E53-449A01C13421} = {DA19C0A1-9E33-412F-8E53-449A01C13421}
	EndProjectSection
EndProject
Project("{2150E333-8FDC-42A3-9474-1A3956D46DE8}") = "lualib", "lualib", "{78D3262E-AC2E-40AC-8259-2DF0BD5BE4E7}"
EndProject
Project("{8BC9CEB8-8B4A-11D0-8D11-00A0C91BC942}") = "lskynet", "msbuild\lskynet\lskynet.vcxproj", "{E11C3CB2-AC85-4712-BBCD-DB89056A3F11}"
	ProjectSection(ProjectDependencies) = postProject
		{DA19C0A1-9E33-412F-8E53-449A01C13421} = {DA19C0A1-9E33-412F-8E53-449A01C13421}
	EndProjectSection
EndProject
Project("{8BC9CEB8-8B4A-11D0-8D11-00A0C91BC942}") = "harbor", "msbuild\harbor\harbor.vcxproj", "{5BA44ADB-7618-4175-BDBA-E0F47EDABE49}"
	ProjectSection(ProjectDependencies) = postProject
		{DA19C0A1-9E33-412F-8E53-449A01C13421} = {DA19C0A1-9E33-412F-8E53-449A01C13421}
	EndProjectSection
EndProject
Project("{8BC9CEB8-8B4A-11D0-8D11-00A0C91BC942}") = "lpeg", "msbuild\lpeg\lpeg.vcxproj", "{24655CAB-0BB8-4322-8347-414A22074717}"
	ProjectSection(ProjectDependencies) = postProject
		{5C85CEC7-63C5-4746-8450-4134676BE2BB} = {5C85CEC7-63C5-4746-8450-4134676BE2BB}
	EndProjectSection
EndProject
Project("{8BC9CEB8-8B4A-11D0-8D11-00A0C91BC942}") = "lsproto", "msbuild\lsproto\lsproto.vcxproj", "{0D9F26CC-8C75-4F15-93EC-ED299840AFBF}"
	ProjectSection(ProjectDependencies) = postProject
		{5C85CEC7-63C5-4746-8450-4134676BE2BB} = {5C85CEC7-63C5-4746-8450-4134676BE2BB}
	EndProjectSection
EndProject
Project("{8BC9CEB8-8B4A-11D0-8D11-00A0C91BC942}") = "lmd5", "msbuild\lmd5\lmd5.vcxproj", "{B2BC588A-A3DE-4E32-87A2-9BC8AE7364E1}"
	ProjectSection(ProjectDependencies) = postProject
		{5C85CEC7-63C5-4746-8450-4134676BE2BB} = {5C85CEC7-63C5-4746-8450-4134676BE2BB}
	EndProjectSection
EndProject
Project("{8BC9CEB8-8B4A-11D0-8D11-00A0C91BC942}") = "lbson", "msbuild\lbson\lbson.vcxproj", "{45D79D85-8CAB-4731-A6AE-2BE831108D06}"
	ProjectSection(ProjectDependencies) = postProject
		{5C85CEC7-63C5-4746-8450-4134676BE2BB} = {5C85CEC7-63C5-4746-8450-4134676BE2BB}
	EndProjectSection
EndProject
Project("{8BC9CEB8-8B4A-11D0-8D11-00A0C91BC942}") = "lclient", "msbuild\lclient\lclient.vcxproj", "{F8D0B962-30E6-46FD-9422-58228FBD2FC8}"
	ProjectSection(ProjectDependencies) = postProject
		{5C85CEC7-63C5-4746-8450-4134676BE2BB} = {5C85CEC7-63C5-4746-8450-4134676BE2BB}
	EndProjectSection
EndProject
Global
	GlobalSection(SolutionConfigurationPlatforms) = preSolution
		Debug|x64 = Debug|x64
		Debug|x86 = Debug|x86
		Release|x64 = Release|x64
		Release|x86 = Release|x86
	EndGlobalSection
	GlobalSection(ProjectConfigurationPlatforms) = postSolution
		{DA19C0A1-9E33-412F-8E53-449A01C13421}.Debug|x64.ActiveCfg = Debug|x64
		{DA19C0A1-9E33-412F-8E53-449A01C13421}.Debug|x64.Build.0 = Debug|x64
		{DA19C0A1-9E33-412F-8E53-449A01C13421}.Debug|x86.ActiveCfg = Debug|Win32
		{DA19C0A1-9E33-412F-8E53-449A01C13421}.Debug|x86.Build.0 = Debug|Win32
		{DA19C0A1-9E33-412F-8E53-449A01C13421}.Release|x64.ActiveCfg = Release|x64
		{DA19C0A1-9E33-412F-8E53-449A01C13421}.Release|x64.Build.0 = Release|x64
		{DA19C0A1-9E33-412F-8E53-449A01C13421}.Release|x86.ActiveCfg = Release|Win32
		{DA19C0A1-9E33-412F-8E53-449A01C13421}.Release|x86.Build.0 = Release|Win32
		{485BA19B-669C-46B5-BE08-3B7278A6979B}.Debug|x64.ActiveCfg = Debug|x64
		{485BA19B-669C-46B5-BE08-3B7278A6979B}.Debug|x64.Build.0 = Debug|x64
		{485BA19B-669C-46B5-BE08-3B7278A6979B}.Debug|x86.ActiveCfg = Debug|Win32
		{485BA19B-669C-46B5-BE08-3B7278A6979B}.Debug|x86.Build.0 = Debug|Win32
		{485BA19B-669C-46B5-BE08-3B7278A6979B}.Release|x64.ActiveCfg = Release|x64
		{485BA19B-669C-46B5-BE08-3B7278A6979B}.Release|x64.Build.0 = Release|x64
		{485BA19B-669C-46B5-BE08-3B7278A6979B}.Release|x86.ActiveCfg = Release|Win32
		{485BA19B-669C-46B5-BE08-3B7278A6979B}.Release|x86.Build.0 = Release|Win32
		{BE9DBA17-BD79-419E-B3F5-ACB99C738207}.Debug|x64.ActiveCfg = Debug|x64
		{BE9DBA17-BD79-419E-B3F5-ACB99C738207}.Debug|x64.Build.0 = Debug|x64
		{BE9DBA17-BD79-419E-B3F5-ACB99C738207}.Debug|x86.ActiveCfg = Debug|Win32
		{BE9DBA17-BD79-419E-B3F5-ACB99C738207}.Debug|x86.Build.0 = Debug|Win32
		{BE9DBA17-BD79-419E-B3F5-ACB99C738207}.Release|x64.ActiveCfg = Release|x64
		{BE9DBA17-BD79-419E-B3F5-ACB99C738207}.Release|x64.Build.0 = Release|x64
		{BE9DBA17-BD79-419E-B3F5-ACB99C738207}.Release|x86.ActiveCfg = Release|Win32
		{BE9DBA17-BD79-419E-B3F5-ACB99C738207}.Release|x86.Build.0 = Release|Win32
		{5C85CEC7-63C5-4746-8450-4134676BE2BB}.Debug|x64.ActiveCfg = Debug|x64
		{5C85CEC7-63C5-4746-8450-4134676BE2BB}.Debug|x64.Build.0 = Debug|x64
		{5C85CEC7-63C5-4746-8450-4134676BE2BB}.Debug|x86.ActiveCfg = Debug|Win32
		{5C85CEC7-63C5-4746-8450-4134676BE2BB}.Debug|x86.Build.0 = Debug|Win32
		{5C85CEC7-63C5-4746-8450-4134676BE2BB}.Release|x64.ActiveCfg = Release|x64
		{5C85CEC7-63C5-4746-8450-4134676BE2BB}.Release|x64.Build.0 = Release|x64
		{5C85CEC7-63C5-4746-8450-4134676BE2BB}.Release|x86.ActiveCfg = Release|Win32
		{5C85CEC7-63C5-4746-8450-4134676BE2BB}.Release|x86.Build.0 = Release|Win32
		{45E09CCC-7FC3-42F0-B3BC-B19E40CB594B}.Debug|x64.ActiveCfg = Debug|x64
		{45E09CCC-7FC3-42F0-B3BC-B19E40CB594B}.Debug|x64.Build.0 = Debug|x64
		{45E09CCC-7FC3-42F0-B3BC-B19E40CB594B}.Debug|x86.ActiveCfg = Debug|Win32
		{45E09CCC-7FC3-42F0-B3BC-B19E40CB594B}.Debug|x86.Build.0 = Debug|Win32
		{45E09CCC-7FC3-42F0-B3BC-B19E40CB594B}.Release|x64.ActiveCfg = Release|x64
		{45E09CCC-7FC3-42F0-B3BC-B19E40CB594B}.Release|x64.Build.0 = Release|x64
		{45E09CCC-7FC3-42F0-B3BC-B19E40CB594B}.Release|x86.ActiveCfg = Release|Win32
		{45E09CCC-7FC3-42F0-B3BC-B19E40CB594B}.Release|x86.Build.0 = Release|Win32
		{92DD1977-563D-4B6B-AF91-11731747E1B0}.Debug|x64.ActiveCfg = Debug|x64
		{92DD1977-563D-4B6B-AF91-11731747E1B0}.Debug|x64.Build.0 = Debug|x64
		{92DD1977-563D-4B6B-AF91-11731747E1B0}.Debug|x86.ActiveCfg = Debug|Win32
		{92DD1977-563D-4B6B-AF91-11731747E1B0}.Debug|x86.Build.0 = Debug|Win32
		{92DD1977-563D-4B6B-AF91-11731747E1B0}.Release|x64.ActiveCfg = Release|x64
		{92DD1977-563D-4B6B-AF91-11731747E1B0}.Release|x64.Build.0 = Release|x64
		{92DD1977-563D-4B6B-AF91-11731747E1B0}.Release|x86.ActiveCfg = Release|Win32
		{92DD1977-563D-4B6B-AF91-11731747E1B0}.Release|x86.Build.0 = Release|Win32
		{E11C3CB2-AC85-4712-BBCD-DB89056A3F11}.Debug|x64.ActiveCfg = Debug|x64
		{E11C3CB2-AC85-4712-BBCD-DB89056A3F11}.Debug|x64.Build.0 = Debug|x64
		{E11C3CB2-AC85-4712-BBCD-DB89056A3F11}.Debug|x86.ActiveCfg = Debug|Win32
		{E11C3CB2-AC85-4712-BBCD-DB89056A3F11}.Debug|x86.Build.0 = Debug|Win32
		{E11C3CB2-AC85-4712-BBCD-DB89056A3F11}.Release|x64.ActiveCfg = Release|x64
		{E11C3CB2-AC85-4712-BBCD-DB89056A3F11}.Release|x64.Build.0 = Release|x64
		{E11C3CB2-AC85-4712-BBCD-DB89056A3F11}.Release|x86.ActiveCfg = Release|Win32
		{E11C3CB2-AC85-4712-BBCD-DB89056A3F11}.Release|x86.Build.0 = Release|Win32
		{5BA44ADB-7618-4175-BDBA-E0F47EDABE49}.Debug|x64.ActiveCfg = Debug|x64
		{5BA44ADB-7618-4175-BDBA-E0F47EDABE49}.Debug|x64.Build.0 = Debug|x64
		{5BA44ADB-7618-4175-BDBA-E0F47EDABE49}.Debug|x86.ActiveCfg = Debug|Win32
		{5BA44ADB-7618-4175-BDBA-E0F47EDABE49}.Debug|x86.Build.0 = Debug|Win32
		{5BA44ADB-7618-4175-BDBA-E0F47EDABE49}.Release|x64.ActiveCfg = Release|x64
		{5BA44ADB-7618-4175-BDBA-E0F47EDABE49}.Release|x64.Build.0 = Release|x64
		{5BA44ADB-7618-4175-BDBA-E0F47EDABE49}.Release|x86.ActiveCfg = Release|Win32
		{5BA44ADB-7618-4175-BDBA-E0F47EDABE49}.Release|x86.Build.0 = Release|Win32
		{24655CAB-0BB8-4322-8347-414A22074717}.Debug|x64.ActiveCfg = Debug|x64
		{24655CAB-0BB8-4322-8347-414A22074717}.Debug|x64.Build.0 = Debug|x64
		{24655CAB-0BB8-4322-8347-414A22074717}.Debug|x86.ActiveCfg = Debug|Win32
		{24655CAB-0BB8-4322-8347-414A22074717}.Debug|x86.Build.0 = Debug|Win32
		{24655CAB-0BB8-4322-8347-414A22074717}.Release|x64.ActiveCfg = Release|x64
		{24655CAB-0BB8-4322-8347-414A22074717}.Release|x64.Build.0 = Release|x64
		{24655CAB-0BB8-4322-8347-414A22074717}.Release|x86.ActiveCfg = Release|Win32
		{24655CAB-0BB8-4322-8347-414A22074717}.Release|x86.Build.0 = Release|Win32
		{0D9F26CC-8C75-4F15-93EC-ED299840AFBF}.Debug|x64.ActiveCfg = Debug|x64
		{0D9F26CC-8C75-4F15-93EC-ED299840AFBF}.Debug|x64.Build.0 = Debug|x64
		{0D9F26CC-8C75-4F15-93EC-ED299840AFBF}.Debug|x86.ActiveCfg = Debug|Win32
		{0D9F26CC-8C75-4F15-93EC-ED299840AFBF}.Debug|x86.Build.0 = Debug|Win32
		{0D9F26CC-8C75-4F15-93EC-ED299840AFBF}.Release|x64.ActiveCfg = Release|x64
		{0D9F26CC-8C75-4F15-93EC-ED299840AFBF}.Release|x64.Build.0 = Release|x64
		{0D9F26CC-8C75-4F15-93EC-ED299840AFBF}.Release|x86.ActiveCfg = Release|Win32
		{0D9F26CC-8C75-4F15-93EC-ED299840AFBF}.Release|x86.Build.0 = Release|Win32
		{B2BC588A-A3DE-4E32-87A2-9BC8AE7364E1}.Debug|x64.ActiveCfg = Debug|x64
		{B2BC588A-A3DE-4E32-87A2-9BC8AE7364E1}.Debug|x64.Build.0 = Debug|x64
		{B2BC588A-A3DE-4E32-87A2-9BC8AE7364E1}.Debug|x86.ActiveCfg = Debug|Win32
		{B2BC588A-A3DE-4E32-87A2-9BC8AE7364E1}.Debug|x86.Build.0 = Debug|Win32
		{B2BC588A-A3DE-4E32-87A2-9BC8AE7364E1}.Release|x64.ActiveCfg = Release|x64
		{B2BC588A-A3DE-4E32-87A2-9BC8AE7364E1}.Release|x64.Build.0 = Release|x64
		{B2BC588A-A3DE-4E32-87A2-9BC8AE7364E1}.Release|x86.ActiveCfg = Release|Win32
		{B2BC588A-A3DE-4E32-87A2-9BC8AE7364E1}.Release|x86.Build.0 = Release|Win32
		{45D79D85-8CAB-4731-A6AE-2BE831108D06}.Debug|x64.ActiveCfg = Debug|x64
		{45D79D85-8CAB-4731-A6AE-2BE831108D06}.Debug|x64.Build.0 = Debug|x64
		{45D79D85-8CAB-4731-A6AE-2BE831108D06}.Debug|x86.ActiveCfg = Debug|Win32
		{45D79D85-8CAB-4731-A6AE-2BE831108D06}.Debug|x86.Build.0 = Debug|Win32
		{45D79D85-8CAB-4731-A6AE-2BE831108D06}.Release|x64.ActiveCfg = Release|x64
		{45D79D85-8CAB-4731-A6AE-2BE831108D06}.Release|x64.Build.0 = Release|x64
		{45D79D85-8CAB-4731-A6AE-2BE831108D06}.Release|x86.ActiveCfg = Release|Win32
		{45D79D85-8CAB-4731-A6AE-2BE831108D06}.Release|x86.Build.0 = Release|Win32
		{F8D0B962-30E6-46FD-9422-58228FBD2FC8}.Debug|x64.ActiveCfg = Debug|x64
		{F8D0B962-30E6-46FD-9422-58228FBD2FC8}.Debug|x64.Build.0 = Debug|x64
		{F8D0B962-30E6-46FD-9422-58228FBD2FC8}.Debug|x86.ActiveCfg = Debug|Win32
		{F8D0B962-30E6-46FD-9422-58228FBD2FC8}.Debug|x86.Build.0 = Debug|Win32
		{F8D0B962-30E6-46FD-9422-58228FBD2FC8}.Release|x64.ActiveCfg = Release|x64
		{F8D0B962-30E6-46FD-9422-58228FBD2FC8}.Release|x64.Build.0 = Release|x64
		{F8D0B962-30E6-46FD-9422-58228FBD2FC8}.Release|x86.ActiveCfg = Release|Win32
		{F8D0B962-30E6-46FD-9422-58228FBD2FC8}.Release|x86.Build.0 = Release|Win32
	EndGlobalSection
	GlobalSection(SolutionProperties) = preSolution
		HideSolutionNode = FALSE
	EndGlobalSection
	GlobalSection(NestedProjects) = preSolution
		{485BA19B-669C-46B5-BE08-3B7278A6979B} = {7C1DD897-2E39-413F-B2ED-780EC63DC55C}
		{BE9DBA17-BD79-419E-B3F5-ACB99C738207} = {7C1DD897-2E39-413F-B2ED-780EC63DC55C}
		{5C85CEC7-63C5-4746-8450-4134676BE2BB} = {7C1DD897-2E39-413F-B2ED-780EC63DC55C}
		{45E09CCC-7FC3-42F0-B3BC-B19E40CB594B} = {BA6CECE6-0D61-46A0-A8B7-D3A504F7491F}
		{92DD1977-563D-4B6B-AF91-11731747E1B0} = {BA6CECE6-0D61-46A0-A8B7-D3A504F7491F}
		{E11C3CB2-AC85-4712-BBCD-DB89056A3F11} = {78D3262E-AC2E-40AC-8259-2DF0BD5BE4E7}
		{5BA44ADB-7618-4175-BDBA-E0F47EDABE49} = {BA6CECE6-0D61-46A0-A8B7-D3A504F7491F}
		{24655CAB-0BB8-4322-8347-414A22074717} = {78D3262E-AC2E-40AC-8259-2DF0BD5BE4E7}
		{0D9F26CC-8C75-4F15-93EC-ED299840AFBF} = {78D3262E-AC2E-40AC-8259-2DF0BD5BE4E7}
		{B2BC588A-A3DE-4E32-87A2-9BC8AE7364E1} = {78D3262E-AC2E-40AC-8259-2DF0BD5BE4E7}
		{45D79D85-8CAB-4731-A6AE-2BE831108D06} = {78D3262E-AC2E-40AC-8259-2DF0BD5BE4E7}
		{F8D0B962-30E6-46FD-9422-58228FBD2FC8} = {78D3262E-AC2E-40AC-8259-2DF0BD5BE4E7}
	EndGlobalSection
	GlobalSection(ExtensibilityGlobals) = postSolution
		SolutionGuid = {FE2EF637-CE28-4B52-9F16-DD19680A5DC2}
	EndGlobalSection
EndGlobal
